
Microsoft Visual Studio Solution File, Format Version 11.00
# Visual Studio 2010
Project("{FAE04EC0-301F-11D3-BF4B-00C04F79EFBC}") = "CustomFontIcons", "CustomFontIcons\CustomFontIcons.csproj", "{5CD44C45-12F5-4646-A2B2-00B48BC1C839}"
EndProject
Project("{FAE04EC0-301F-11D3-BF4B-00C04F79EFBC}") = "PlacingViews", "PlacingViews\PlacingViews.csproj", "{E76155D0-24C6-4BCB-919F-ECF27AA2B7CF}"
EndProject
Project("{FAE04EC0-301F-11D3-BF4B-00C04F79EFBC}") = "PlayingSounds", "PlayingSounds\PlayingSounds.csproj", "{244B6105-E4F8-4343-825B-2D7111265FA1}"
EndProject
Global
	GlobalSection(SolutionConfigurationPlatforms) = preSolution
		Debug|iPhoneSimulator = Debug|iPhoneSimulator
		Release|iPhoneSimulator = Release|iPhoneSimulator
		Debug|iPhone = Debug|iPhone
		Release|iPhone = Release|iPhone
		Ad-Hoc|iPhone = Ad-Hoc|iPhone
		AppStore|iPhone = AppStore|iPhone
	EndGlobalSection
	GlobalSection(ProjectConfigurationPlatforms) = postSolution
		{244B6105-E4F8-4343-825B-2D7111265FA1}.Ad-Hoc|iPhone.ActiveCfg = Ad-Hoc|iPhone
		{244B6105-E4F8-4343-825B-2D7111265FA1}.Ad-Hoc|iPhone.Build.0 = Ad-Hoc|iPhone
		{244B6105-E4F8-4343-825B-2D7111265FA1}.AppStore|iPhone.ActiveCfg = AppStore|iPhone
		{244B6105-E4F8-4343-825B-2D7111265FA1}.AppStore|iPhone.Build.0 = AppStore|iPhone
		{244B6105-E4F8-4343-825B-2D7111265FA1}.Debug|iPhone.ActiveCfg = Debug|iPhone
		{244B6105-E4F8-4343-825B-2D7111265FA1}.Debug|iPhone.Build.0 = Debug|iPhone
		{244B6105-E4F8-4343-825B-2D7111265FA1}.Debug|iPhoneSimulator.ActiveCfg = Debug|iPhoneSimulator
		{244B6105-E4F8-4343-825B-2D7111265FA1}.Debug|iPhoneSimulator.Build.0 = Debug|iPhoneSimulator
		{244B6105-E4F8-4343-825B-2D7111265FA1}.Release|iPhone.ActiveCfg = Release|iPhone
		{244B6105-E4F8-4343-825B-2D7111265FA1}.Release|iPhone.Build.0 = Release|iPhone
		{244B6105-E4F8-4343-825B-2D7111265FA1}.Release|iPhoneSimulator.ActiveCfg = Release|iPhoneSimulator
		{244B6105-E4F8-4343-825B-2D7111265FA1}.Release|iPhoneSimulator.Build.0 = Release|iPhoneSimulator
		{5CD44C45-12F5-4646-A2B2-00B48BC1C839}.Ad-Hoc|iPhone.ActiveCfg = Ad-Hoc|iPhone
		{5CD44C45-12F5-4646-A2B2-00B48BC1C839}.Ad-Hoc|iPhone.Build.0 = Ad-Hoc|iPhone
		{5CD44C45-12F5-4646-A2B2-00B48BC1C839}.AppStore|iPhone.ActiveCfg = AppStore|iPhone
		{5CD44C45-12F5-4646-A2B2-00B48BC1C839}.AppStore|iPhone.Build.0 = AppStore|iPhone
		{5CD44C45-12F5-4646-A2B2-00B48BC1C839}.Debug|iPhone.ActiveCfg = Debug|iPhone
		{5CD44C45-12F5-4646-A2B2-00B48BC1C839}.Debug|iPhone.Build.0 = Debug|iPhone
		{5CD44C45-12F5-4646-A2B2-00B48BC1C839}.Debug|iPhoneSimulator.ActiveCfg = Debug|iPhoneSimulator
		{5CD44C45-12F5-4646-A2B2-00B48BC1C839}.Debug|iPhoneSimulator.Build.0 = Debug|iPhoneSimulator
		{5CD44C45-12F5-4646-A2B2-00B48BC1C839}.Release|iPhone.ActiveCfg = Release|iPhone
		{5CD44C45-12F5-4646-A2B2-00B48BC1C839}.Release|iPhone.Build.0 = Release|iPhone
		{5CD44C45-12F5-4646-A2B2-00B48BC1C839}.Release|iPhoneSimulator.ActiveCfg = Release|iPhoneSimulator
		{5CD44C45-12F5-4646-A2B2-00B48BC1C839}.Release|iPhoneSimulator.Build.0 = Release|iPhoneSimulator
		{E76155D0-24C6-4BCB-919F-ECF27AA2B7CF}.Ad-Hoc|iPhone.ActiveCfg = Ad-Hoc|iPhone
		{E76155D0-24C6-4BCB-919F-ECF27AA2B7CF}.Ad-Hoc|iPhone.Build.0 = Ad-Hoc|iPhone
		{E76155D0-24C6-4BCB-919F-ECF27AA2B7CF}.AppStore|iPhone.ActiveCfg = AppStore|iPhone
		{E76155D0-24C6-4BCB-919F-ECF27AA2B7CF}.AppStore|iPhone.Build.0 = AppStore|iPhone
		{E76155D0-24C6-4BCB-919F-ECF27AA2B7CF}.Debug|iPhone.ActiveCfg = Debug|iPhone
		{E76155D0-24C6-4BCB-919F-ECF27AA2B7CF}.Debug|iPhone.Build.0 = Debug|iPhone
		{E76155D0-24C6-4BCB-919F-ECF27AA2B7CF}.Debug|iPhoneSimulator.ActiveCfg = Debug|iPhoneSimulator
		{E76155D0-24C6-4BCB-919F-ECF27AA2B7CF}.Debug|iPhoneSimulator.Build.0 = Debug|iPhoneSimulator
		{E76155D0-24C6-4BCB-919F-ECF27AA2B7CF}.Release|iPhone.ActiveCfg = Release|iPhone
		{E76155D0-24C6-4BCB-919F-ECF27AA2B7CF}.Release|iPhone.Build.0 = Release|iPhone
		{E76155D0-24C6-4BCB-919F-ECF27AA2B7CF}.Release|iPhoneSimulator.ActiveCfg = Release|iPhoneSimulator
		{E76155D0-24C6-4BCB-919F-ECF27AA2B7CF}.Release|iPhoneSimulator.Build.0 = Release|iPhoneSimulator
	EndGlobalSection
	GlobalSection(MonoDevelopProperties) = preSolution
		StartupItem = PlayingSounds\PlayingSounds.csproj
		Policies = $0
		$0.TextStylePolicy = $1
		$1.inheritsSet = null
		$1.scope = text/x-csharp
		$0.CSharpFormattingPolicy = $2
		$2.NamespaceBraceStyle = EndOfLine
		$2.ClassBraceStyle = EndOfLine
		$2.InterfaceBraceStyle = EndOfLine
		$2.StructBraceStyle = EndOfLine
		$2.EnumBraceStyle = EndOfLine
		$2.MethodBraceStyle = EndOfLine
		$2.ConstructorBraceStyle = EndOfLine
		$2.DestructorBraceStyle = EndOfLine
		$2.EmbeddedStatementPlacement = DoNotCare
		$2.ArrayInitializerWrapping = DoNotChange
		$2.BeforeMethodCallParentheses = False
		$2.BeforeConstructorDeclarationParentheses = False
		$2.BeforeIndexerDeclarationBracket = False
		$2.BeforeDelegateDeclarationParentheses = False
		$2.AfterDelegateDeclarationParameterComma = True
		$2.NewParentheses = False
		$2.SpacesBeforeBrackets = False
		$2.inheritsSet = Mono
		$2.inheritsScope = text/x-csharp
		$2.scope = text/x-csharp
		$0.TextStylePolicy = $3
		$3.FileWidth = 120
		$3.inheritsSet = VisualStudio
		$3.inheritsScope = text/plain
		$3.scope = text/plain
		$0.TextStylePolicy = $4
		$4.inheritsSet = null
		$4.scope = text/x-fsharp
	EndGlobalSection
EndGlobal
